// !$*UTF8*$!
{
	archiveVersion = 1;
	classes = {
	};
	objectVersion = 46;
	objects = {

/* Begin PBXBuildFile section */
		16B9AC61B8297C1DF90670D7 /* libPods-Minsta.a in Frameworks */ = {isa = PBXBuildFile; fileRef = 2EF9707987C62347B728FBB6 /* libPods-Minsta.a */; };
		671B9C531CEA10AD006FAE41 /* MSWindow.m in Sources */ = {isa = PBXBuildFile; fileRef = 671B9C521CEA10AD006FAE41 /* MSWindow.m */; };
		673124BA1CE7461E006C25F1 /* AppDelegate.m in Sources */ = {isa = PBXBuildFile; fileRef = 673124991CE7461E006C25F1 /* AppDelegate.m */; };
		673124BB1CE7461E006C25F1 /* MSActivityViewController.m in Sources */ = {isa = PBXBuildFile; fileRef = 6731249C1CE7461E006C25F1 /* MSActivityViewController.m */; };
		673124BC1CE7461E006C25F1 /* MSCameraViewController.m in Sources */ = {isa = PBXBuildFile; fileRef = 6731249E1CE7461E006C25F1 /* MSCameraViewController.m */; };
		673124BD1CE7461E006C25F1 /* MSHomeViewController.m in Sources */ = {isa = PBXBuildFile; fileRef = 673124A01CE7461E006C25F1 /* MSHomeViewController.m */; };
		673124BE1CE7461E006C25F1 /* MSProfileViewController.m in Sources */ = {isa = PBXBuildFile; fileRef = 673124A21CE7461E006C25F1 /* MSProfileViewController.m */; };
		673124BF1CE7461E006C25F1 /* MSSearchViewController.m in Sources */ = {isa = PBXBuildFile; fileRef = 673124A41CE7461E006C25F1 /* MSSearchViewController.m */; };
		673124C01CE7461E006C25F1 /* MSTabBarController.m in Sources */ = {isa = PBXBuildFile; fileRef = 673124A61CE7461E006C25F1 /* MSTabBarController.m */; };
		673124C11CE7461E006C25F1 /* MSUser.m in Sources */ = {isa = PBXBuildFile; fileRef = 673124A91CE7461E006C25F1 /* MSUser.m */; };
		673124C21CE7461E006C25F1 /* Assets.xcassets in Resources */ = {isa = PBXBuildFile; fileRef = 673124AC1CE7461E006C25F1 /* Assets.xcassets */; };
		673124C41CE7461E006C25F1 /* LaunchScreen.storyboard in Resources */ = {isa = PBXBuildFile; fileRef = 673124AE1CE7461E006C25F1 /* LaunchScreen.storyboard */; };
		673124C51CE7461E006C25F1 /* main.m in Sources */ = {isa = PBXBuildFile; fileRef = 673124AF1CE7461E006C25F1 /* main.m */; };
		673124C71CE7461E006C25F1 /* MSPhotoFeedCellNode.m in Sources */ = {isa = PBXBuildFile; fileRef = 673124B71CE7461E006C25F1 /* MSPhotoFeedCellNode.m */; };
		673124C81CE7461E006C25F1 /* MSPhotoFeedHeaderNode.m in Sources */ = {isa = PBXBuildFile; fileRef = 673124B91CE7461E006C25F1 /* MSPhotoFeedHeaderNode.m */; };
		673124CB1CE7466B006C25F1 /* MSPhotosOperation.m in Sources */ = {isa = PBXBuildFile; fileRef = 673124CA1CE7466B006C25F1 /* MSPhotosOperation.m */; };
		675FD39E1CE9C8C400F282F0 /* MSModel.m in Sources */ = {isa = PBXBuildFile; fileRef = 675FD39D1CE9C8C400F282F0 /* MSModel.m */; };
		675FD3A11CEA054A00F282F0 /* NSString+MinstaAdd.m in Sources */ = {isa = PBXBuildFile; fileRef = 675FD3A01CEA054A00F282F0 /* NSString+MinstaAdd.m */; };
		67900DC21CE88A4000C71A4C /* MSComment.m in Sources */ = {isa = PBXBuildFile; fileRef = 67900DC11CE88A4000C71A4C /* MSComment.m */; };
		67900DC51CE88F3100C71A4C /* MSCommentFeed.m in Sources */ = {isa = PBXBuildFile; fileRef = 67900DC41CE88F3100C71A4C /* MSCommentFeed.m */; };
		67BB42B31CE84EA500D47036 /* MSPhotoFeed.m in Sources */ = {isa = PBXBuildFile; fileRef = 67BB42B21CE84EA500D47036 /* MSPhotoFeed.m */; };
		67C299E51CEAF732009106AA /* MSCommentFeedCellNode.m in Sources */ = {isa = PBXBuildFile; fileRef = 67C299E41CEAF732009106AA /* MSCommentFeedCellNode.m */; };
		67DC1C001CE74EFA006B0676 /* MSBaseOperation.m in Sources */ = {isa = PBXBuildFile; fileRef = 67DC1BFF1CE74EFA006B0676 /* MSBaseOperation.m */; };
		67DC1C031CE767A8006B0676 /* MSPhoto.m in Sources */ = {isa = PBXBuildFile; fileRef = 67DC1C021CE767A8006B0676 /* MSPhoto.m */; };
		67EF2C9C1CEB29B00026FE24 /* Localizable.strings in Resources */ = {isa = PBXBuildFile; fileRef = 67EF2C971CEB29B00026FE24 /* Localizable.strings */; };
		67EF2C9D1CEB29B00026FE24 /* Localizable.strings in Resources */ = {isa = PBXBuildFile; fileRef = 67EF2C9A1CEB29B00026FE24 /* Localizable.strings */; };
		67EF2CA01CEB43C70026FE24 /* UIGestureRecognizer+MinstaAdd.m in Sources */ = {isa = PBXBuildFile; fileRef = 67EF2C9F1CEB43C70026FE24 /* UIGestureRecognizer+MinstaAdd.m */; };
/* End PBXBuildFile section */

/* Begin PBXFileReference section */
		253163E9B25F9A4C9152FEEB /* Pods-Minsta.debug.xcconfig */ = {isa = PBXFileReference; includeInIndex = 1; lastKnownFileType = text.xcconfig; name = "Pods-Minsta.debug.xcconfig"; path = "Pods/Target Support Files/Pods-Minsta/Pods-Minsta.debug.xcconfig"; sourceTree = "<group>"; };
		2EF9707987C62347B728FBB6 /* libPods-Minsta.a */ = {isa = PBXFileReference; explicitFileType = archive.ar; includeInIndex = 0; path = "libPods-Minsta.a"; sourceTree = BUILT_PRODUCTS_DIR; };
		4417997E28E78C283D43683A /* Pods-Minsta.release.xcconfig */ = {isa = PBXFileReference; includeInIndex = 1; lastKnownFileType = text.xcconfig; name = "Pods-Minsta.release.xcconfig"; path = "Pods/Target Support Files/Pods-Minsta/Pods-Minsta.release.xcconfig"; sourceTree = "<group>"; };
		671B9C511CEA10AD006FAE41 /* MSWindow.h */ = {isa = PBXFileReference; fileEncoding = 4; lastKnownFileType = sourcecode.c.h; path = MSWindow.h; sourceTree = "<group>"; };
		671B9C521CEA10AD006FAE41 /* MSWindow.m */ = {isa = PBXFileReference; fileEncoding = 4; lastKnownFileType = sourcecode.c.objc; path = MSWindow.m; sourceTree = "<group>"; };
		672875A41CE5F5C300085068 /* Minsta.app */ = {isa = PBXFileReference; explicitFileType = wrapper.application; includeInIndex = 0; path = Minsta.app; sourceTree = BUILT_PRODUCTS_DIR; };
		673124981CE7461E006C25F1 /* AppDelegate.h */ = {isa = PBXFileReference; fileEncoding = 4; lastKnownFileType = sourcecode.c.h; name = AppDelegate.h; path = Minsta/AppDelegate.h; sourceTree = "<group>"; };
		673124991CE7461E006C25F1 /* AppDelegate.m */ = {isa = PBXFileReference; fileEncoding = 4; lastKnownFileType = sourcecode.c.objc; name = AppDelegate.m; path = Minsta/AppDelegate.m; sourceTree = "<group>"; };
		6731249B1CE7461E006C25F1 /* MSActivityViewController.h */ = {isa = PBXFileReference; fileEncoding = 4; lastKnownFileType = sourcecode.c.h; path = MSActivityViewController.h; sourceTree = "<group>"; };
		6731249C1CE7461E006C25F1 /* MSActivityViewController.m */ = {isa = PBXFileReference; fileEncoding = 4; lastKnownFileType = sourcecode.c.objc; path = MSActivityViewController.m; sourceTree = "<group>"; };
		6731249D1CE7461E006C25F1 /* MSCameraViewController.h */ = {isa = PBXFileReference; fileEncoding = 4; lastKnownFileType = sourcecode.c.h; path = MSCameraViewController.h; sourceTree = "<group>"; };
		6731249E1CE7461E006C25F1 /* MSCameraViewController.m */ = {isa = PBXFileReference; fileEncoding = 4; lastKnownFileType = sourcecode.c.objc; path = MSCameraViewController.m; sourceTree = "<group>"; };
		6731249F1CE7461E006C25F1 /* MSHomeViewController.h */ = {isa = PBXFileReference; fileEncoding = 4; lastKnownFileType = sourcecode.c.h; path = MSHomeViewController.h; sourceTree = "<group>"; };
		673124A01CE7461E006C25F1 /* MSHomeViewController.m */ = {isa = PBXFileReference; fileEncoding = 4; lastKnownFileType = sourcecode.c.objc; path = MSHomeViewController.m; sourceTree = "<group>"; };
		673124A11CE7461E006C25F1 /* MSProfileViewController.h */ = {isa = PBXFileReference; fileEncoding = 4; lastKnownFileType = sourcecode.c.h; path = MSProfileViewController.h; sourceTree = "<group>"; };
		673124A21CE7461E006C25F1 /* MSProfileViewController.m */ = {isa = PBXFileReference; fileEncoding = 4; lastKnownFileType = sourcecode.c.objc; path = MSProfileViewController.m; sourceTree = "<group>"; };
		673124A31CE7461E006C25F1 /* MSSearchViewController.h */ = {isa = PBXFileReference; fileEncoding = 4; lastKnownFileType = sourcecode.c.h; path = MSSearchViewController.h; sourceTree = "<group>"; };
		673124A41CE7461E006C25F1 /* MSSearchViewController.m */ = {isa = PBXFileReference; fileEncoding = 4; lastKnownFileType = sourcecode.c.objc; path = MSSearchViewController.m; sourceTree = "<group>"; };
		673124A51CE7461E006C25F1 /* MSTabBarController.h */ = {isa = PBXFileReference; fileEncoding = 4; lastKnownFileType = sourcecode.c.h; path = MSTabBarController.h; sourceTree = "<group>"; };
		673124A61CE7461E006C25F1 /* MSTabBarController.m */ = {isa = PBXFileReference; fileEncoding = 4; lastKnownFileType = sourcecode.c.objc; path = MSTabBarController.m; sourceTree = "<group>"; };
		673124A81CE7461E006C25F1 /* MSUser.h */ = {isa = PBXFileReference; fileEncoding = 4; lastKnownFileType = sourcecode.c.h; path = MSUser.h; sourceTree = "<group>"; };
		673124A91CE7461E006C25F1 /* MSUser.m */ = {isa = PBXFileReference; fileEncoding = 4; lastKnownFileType = sourcecode.c.objc; path = MSUser.m; sourceTree = "<group>"; };
		673124AC1CE7461E006C25F1 /* Assets.xcassets */ = {isa = PBXFileReference; lastKnownFileType = folder.assetcatalog; path = Assets.xcassets; sourceTree = "<group>"; };
		673124AD1CE7461E006C25F1 /* Info.plist */ = {isa = PBXFileReference; fileEncoding = 4; lastKnownFileType = text.plist.xml; path = Info.plist; sourceTree = "<group>"; };
		673124AE1CE7461E006C25F1 /* LaunchScreen.storyboard */ = {isa = PBXFileReference; fileEncoding = 4; lastKnownFileType = file.storyboard; path = LaunchScreen.storyboard; sourceTree = "<group>"; };
		673124AF1CE7461E006C25F1 /* main.m */ = {isa = PBXFileReference; fileEncoding = 4; lastKnownFileType = sourcecode.c.objc; path = main.m; sourceTree = "<group>"; };
		673124B11CE7461E006C25F1 /* MinstaMacro.h */ = {isa = PBXFileReference; fileEncoding = 4; lastKnownFileType = sourcecode.c.h; path = MinstaMacro.h; sourceTree = "<group>"; };
		673124B61CE7461E006C25F1 /* MSPhotoFeedCellNode.h */ = {isa = PBXFileReference; fileEncoding = 4; lastKnownFileType = sourcecode.c.h; path = MSPhotoFeedCellNode.h; sourceTree = "<group>"; };
		673124B71CE7461E006C25F1 /* MSPhotoFeedCellNode.m */ = {isa = PBXFileReference; fileEncoding = 4; lastKnownFileType = sourcecode.c.objc; path = MSPhotoFeedCellNode.m; sourceTree = "<group>"; };
		673124B81CE7461E006C25F1 /* MSPhotoFeedHeaderNode.h */ = {isa = PBXFileReference; fileEncoding = 4; lastKnownFileType = sourcecode.c.h; path = MSPhotoFeedHeaderNode.h; sourceTree = "<group>"; };
		673124B91CE7461E006C25F1 /* MSPhotoFeedHeaderNode.m */ = {isa = PBXFileReference; fileEncoding = 4; lastKnownFileType = sourcecode.c.objc; path = MSPhotoFeedHeaderNode.m; sourceTree = "<group>"; };
		673124C91CE7466B006C25F1 /* MSPhotosOperation.h */ = {isa = PBXFileReference; fileEncoding = 4; lastKnownFileType = sourcecode.c.h; path = MSPhotosOperation.h; sourceTree = "<group>"; };
		673124CA1CE7466B006C25F1 /* MSPhotosOperation.m */ = {isa = PBXFileReference; fileEncoding = 4; lastKnownFileType = sourcecode.c.objc; path = MSPhotosOperation.m; sourceTree = "<group>"; };
		675FD39C1CE9C8C400F282F0 /* MSModel.h */ = {isa = PBXFileReference; fileEncoding = 4; lastKnownFileType = sourcecode.c.h; path = MSModel.h; sourceTree = "<group>"; };
		675FD39D1CE9C8C400F282F0 /* MSModel.m */ = {isa = PBXFileReference; fileEncoding = 4; lastKnownFileType = sourcecode.c.objc; path = MSModel.m; sourceTree = "<group>"; };
		675FD39F1CEA054A00F282F0 /* NSString+MinstaAdd.h */ = {isa = PBXFileReference; fileEncoding = 4; lastKnownFileType = sourcecode.c.h; path = "NSString+MinstaAdd.h"; sourceTree = "<group>"; };
		675FD3A01CEA054A00F282F0 /* NSString+MinstaAdd.m */ = {isa = PBXFileReference; fileEncoding = 4; lastKnownFileType = sourcecode.c.objc; path = "NSString+MinstaAdd.m"; sourceTree = "<group>"; };
		67900DC01CE88A4000C71A4C /* MSComment.h */ = {isa = PBXFileReference; fileEncoding = 4; lastKnownFileType = sourcecode.c.h; path = MSComment.h; sourceTree = "<group>"; };
		67900DC11CE88A4000C71A4C /* MSComment.m */ = {isa = PBXFileReference; fileEncoding = 4; lastKnownFileType = sourcecode.c.objc; path = MSComment.m; sourceTree = "<group>"; };
		67900DC31CE88F3100C71A4C /* MSCommentFeed.h */ = {isa = PBXFileReference; fileEncoding = 4; lastKnownFileType = sourcecode.c.h; path = MSCommentFeed.h; sourceTree = "<group>"; };
		67900DC41CE88F3100C71A4C /* MSCommentFeed.m */ = {isa = PBXFileReference; fileEncoding = 4; lastKnownFileType = sourcecode.c.objc; path = MSCommentFeed.m; sourceTree = "<group>"; };
		67BB42B11CE84EA500D47036 /* MSPhotoFeed.h */ = {isa = PBXFileReference; fileEncoding = 4; lastKnownFileType = sourcecode.c.h; path = MSPhotoFeed.h; sourceTree = "<group>"; };
		67BB42B21CE84EA500D47036 /* MSPhotoFeed.m */ = {isa = PBXFileReference; fileEncoding = 4; lastKnownFileType = sourcecode.c.objc; path = MSPhotoFeed.m; sourceTree = "<group>"; };
		67C299E31CEAF732009106AA /* MSCommentFeedCellNode.h */ = {isa = PBXFileReference; fileEncoding = 4; lastKnownFileType = sourcecode.c.h; path = MSCommentFeedCellNode.h; sourceTree = "<group>"; };
		67C299E41CEAF732009106AA /* MSCommentFeedCellNode.m */ = {isa = PBXFileReference; fileEncoding = 4; lastKnownFileType = sourcecode.c.objc; path = MSCommentFeedCellNode.m; sourceTree = "<group>"; };
		67DC1BFE1CE74EFA006B0676 /* MSBaseOperation.h */ = {isa = PBXFileReference; fileEncoding = 4; lastKnownFileType = sourcecode.c.h; path = MSBaseOperation.h; sourceTree = "<group>"; };
		67DC1BFF1CE74EFA006B0676 /* MSBaseOperation.m */ = {isa = PBXFileReference; fileEncoding = 4; lastKnownFileType = sourcecode.c.objc; path = MSBaseOperation.m; sourceTree = "<group>"; };
		67DC1C011CE767A8006B0676 /* MSPhoto.h */ = {isa = PBXFileReference; fileEncoding = 4; lastKnownFileType = sourcecode.c.h; path = MSPhoto.h; sourceTree = "<group>"; };
		67DC1C021CE767A8006B0676 /* MSPhoto.m */ = {isa = PBXFileReference; fileEncoding = 4; lastKnownFileType = sourcecode.c.objc; path = MSPhoto.m; sourceTree = "<group>"; };
		67EF2C981CEB29B00026FE24 /* en */ = {isa = PBXFileReference; lastKnownFileType = text.plist.strings; name = en; path = Localizable.strings; sourceTree = "<group>"; };
		67EF2C9B1CEB29B00026FE24 /* zh-Hans */ = {isa = PBXFileReference; lastKnownFileType = text.plist.strings; name = "zh-Hans"; path = Localizable.strings; sourceTree = "<group>"; };
		67EF2C9E1CEB43C70026FE24 /* UIGestureRecognizer+MinstaAdd.h */ = {isa = PBXFileReference; fileEncoding = 4; lastKnownFileType = sourcecode.c.h; path = "UIGestureRecognizer+MinstaAdd.h"; sourceTree = "<group>"; };
		67EF2C9F1CEB43C70026FE24 /* UIGestureRecognizer+MinstaAdd.m */ = {isa = PBXFileReference; fileEncoding = 4; lastKnownFileType = sourcecode.c.objc; path = "UIGestureRecognizer+MinstaAdd.m"; sourceTree = "<group>"; };
/* End PBXFileReference section */

/* Begin PBXFrameworksBuildPhase section */
		672875A11CE5F5C300085068 /* Frameworks */ = {
			isa = PBXFrameworksBuildPhase;
			buildActionMask = 2147483647;
			files = (
				16B9AC61B8297C1DF90670D7 /* libPods-Minsta.a in Frameworks */,
			);
			runOnlyForDeploymentPostprocessing = 0;
		};
/* End PBXFrameworksBuildPhase section */

/* Begin PBXGroup section */
		6728759B1CE5F5C300085068 = {
			isa = PBXGroup;
			children = (
				673124981CE7461E006C25F1 /* AppDelegate.h */,
				673124991CE7461E006C25F1 /* AppDelegate.m */,
				6731249A1CE7461E006C25F1 /* Controllers */,
				673124A71CE7461E006C25F1 /* Models */,
				673124AA1CE7461E006C25F1 /* Operations */,
				673124AB1CE7461E006C25F1 /* Supporting Files */,
				673124B01CE7461E006C25F1 /* Utils */,
				67BB42B01CE84E3400D47036 /* ViewModels */,
				673124B51CE7461E006C25F1 /* Views */,
				672875A51CE5F5C300085068 /* Products */,
				89BFDA21BCAAD42B4C304CD4 /* Pods */,
				CA11DD355C6AD40250F45373 /* Frameworks */,
			);
			sourceTree = "<group>";
		};
		672875A51CE5F5C300085068 /* Products */ = {
			isa = PBXGroup;
			children = (
				672875A41CE5F5C300085068 /* Minsta.app */,
			);
			name = Products;
			sourceTree = "<group>";
		};
		6731249A1CE7461E006C25F1 /* Controllers */ = {
			isa = PBXGroup;
			children = (
				6731249B1CE7461E006C25F1 /* MSActivityViewController.h */,
				6731249C1CE7461E006C25F1 /* MSActivityViewController.m */,
				6731249D1CE7461E006C25F1 /* MSCameraViewController.h */,
				6731249E1CE7461E006C25F1 /* MSCameraViewController.m */,
				6731249F1CE7461E006C25F1 /* MSHomeViewController.h */,
				673124A01CE7461E006C25F1 /* MSHomeViewController.m */,
				673124A11CE7461E006C25F1 /* MSProfileViewController.h */,
				673124A21CE7461E006C25F1 /* MSProfileViewController.m */,
				673124A31CE7461E006C25F1 /* MSSearchViewController.h */,
				673124A41CE7461E006C25F1 /* MSSearchViewController.m */,
				673124A51CE7461E006C25F1 /* MSTabBarController.h */,
				673124A61CE7461E006C25F1 /* MSTabBarController.m */,
			);
			name = Controllers;
			path = Minsta/Controllers;
			sourceTree = "<group>";
		};
		673124A71CE7461E006C25F1 /* Models */ = {
			isa = PBXGroup;
			children = (
				675FD39C1CE9C8C400F282F0 /* MSModel.h */,
				675FD39D1CE9C8C400F282F0 /* MSModel.m */,
				67900DC01CE88A4000C71A4C /* MSComment.h */,
				67900DC11CE88A4000C71A4C /* MSComment.m */,
				67DC1C011CE767A8006B0676 /* MSPhoto.h */,
				67DC1C021CE767A8006B0676 /* MSPhoto.m */,
				673124A81CE7461E006C25F1 /* MSUser.h */,
				673124A91CE7461E006C25F1 /* MSUser.m */,
			);
			name = Models;
			path = Minsta/Models;
			sourceTree = "<group>";
		};
		673124AA1CE7461E006C25F1 /* Operations */ = {
			isa = PBXGroup;
			children = (
				67DC1BFE1CE74EFA006B0676 /* MSBaseOperation.h */,
				67DC1BFF1CE74EFA006B0676 /* MSBaseOperation.m */,
				673124C91CE7466B006C25F1 /* MSPhotosOperation.h */,
				673124CA1CE7466B006C25F1 /* MSPhotosOperation.m */,
			);
			name = Operations;
			path = Minsta/Operations;
			sourceTree = "<group>";
		};
		673124AB1CE7461E006C25F1 /* Supporting Files */ = {
			isa = PBXGroup;
			children = (
				67EF2C961CEB29B00026FE24 /* en.lproj */,
				67EF2C991CEB29B00026FE24 /* zh-Hans.lproj */,
				673124AC1CE7461E006C25F1 /* Assets.xcassets */,
				673124AD1CE7461E006C25F1 /* Info.plist */,
				673124AE1CE7461E006C25F1 /* LaunchScreen.storyboard */,
				673124AF1CE7461E006C25F1 /* main.m */,
			);
			name = "Supporting Files";
			path = "Minsta/Supporting Files";
			sourceTree = "<group>";
		};
		673124B01CE7461E006C25F1 /* Utils */ = {
			isa = PBXGroup;
			children = (
				673124B11CE7461E006C25F1 /* MinstaMacro.h */,
				675FD39F1CEA054A00F282F0 /* NSString+MinstaAdd.h */,
				675FD3A01CEA054A00F282F0 /* NSString+MinstaAdd.m */,
				67EF2C9E1CEB43C70026FE24 /* UIGestureRecognizer+MinstaAdd.h */,
				67EF2C9F1CEB43C70026FE24 /* UIGestureRecognizer+MinstaAdd.m */,
			);
			name = Utils;
			path = Minsta/Utils;
			sourceTree = "<group>";
		};
		673124B51CE7461E006C25F1 /* Views */ = {
			isa = PBXGroup;
			children = (
				671B9C511CEA10AD006FAE41 /* MSWindow.h */,
				671B9C521CEA10AD006FAE41 /* MSWindow.m */,
				67C299E31CEAF732009106AA /* MSCommentFeedCellNode.h */,
				67C299E41CEAF732009106AA /* MSCommentFeedCellNode.m */,
				673124B61CE7461E006C25F1 /* MSPhotoFeedCellNode.h */,
				673124B71CE7461E006C25F1 /* MSPhotoFeedCellNode.m */,
				673124B81CE7461E006C25F1 /* MSPhotoFeedHeaderNode.h */,
				673124B91CE7461E006C25F1 /* MSPhotoFeedHeaderNode.m */,
			);
			name = Views;
			path = Minsta/Views;
			sourceTree = "<group>";
		};
		67BB42B01CE84E3400D47036 /* ViewModels */ = {
			isa = PBXGroup;
			children = (
				67900DC31CE88F3100C71A4C /* MSCommentFeed.h */,
				67900DC41CE88F3100C71A4C /* MSCommentFeed.m */,
				67BB42B11CE84EA500D47036 /* MSPhotoFeed.h */,
				67BB42B21CE84EA500D47036 /* MSPhotoFeed.m */,
			);
			name = ViewModels;
			path = Minsta/ViewModels;
			sourceTree = "<group>";
		};
		67EF2C961CEB29B00026FE24 /* en.lproj */ = {
			isa = PBXGroup;
			children = (
				67EF2C971CEB29B00026FE24 /* Localizable.strings */,
			);
			path = en.lproj;
			sourceTree = "<group>";
		};
		67EF2C991CEB29B00026FE24 /* zh-Hans.lproj */ = {
			isa = PBXGroup;
			children = (
				67EF2C9A1CEB29B00026FE24 /* Localizable.strings */,
			);
			path = "zh-Hans.lproj";
			sourceTree = "<group>";
		};
		89BFDA21BCAAD42B4C304CD4 /* Pods */ = {
			isa = PBXGroup;
			children = (
				253163E9B25F9A4C9152FEEB /* Pods-Minsta.debug.xcconfig */,
				4417997E28E78C283D43683A /* Pods-Minsta.release.xcconfig */,
			);
			name = Pods;
			sourceTree = "<group>";
		};
		CA11DD355C6AD40250F45373 /* Frameworks */ = {
			isa = PBXGroup;
			children = (
				2EF9707987C62347B728FBB6 /* libPods-Minsta.a */,
			);
			name = Frameworks;
			sourceTree = "<group>";
		};
/* End PBXGroup section */

/* Begin PBXNativeTarget section */
		672875A31CE5F5C300085068 /* Minsta */ = {
			isa = PBXNativeTarget;
			buildConfigurationList = 672875BB1CE5F5C300085068 /* Build configuration list for PBXNativeTarget "Minsta" */;
			buildPhases = (
				FAF6D8E6EE41ABCC7D765AF2 /* 📦 Check Pods Manifest.lock */,
				672875A01CE5F5C300085068 /* Sources */,
				672875A11CE5F5C300085068 /* Frameworks */,
				672875A21CE5F5C300085068 /* Resources */,
				00D450DF988BC785239F418A /* 📦 Embed Pods Frameworks */,
				2A758DD8311224461F725BE8 /* 📦 Copy Pods Resources */,
			);
			buildRules = (
			);
			dependencies = (
			);
			name = Minsta;
			productName = Minsta;
			productReference = 672875A41CE5F5C300085068 /* Minsta.app */;
			productType = "com.apple.product-type.application";
		};
/* End PBXNativeTarget section */

/* Begin PBXProject section */
		6728759C1CE5F5C300085068 /* Project object */ = {
			isa = PBXProject;
			attributes = {
				LastUpgradeCheck = 0730;
				ORGANIZATIONNAME = jjj2mdd;
				TargetAttributes = {
					672875A31CE5F5C300085068 = {
						CreatedOnToolsVersion = 7.3.1;
						DevelopmentTeam = 892BD8624L;
					};
				};
			};
			buildConfigurationList = 6728759F1CE5F5C300085068 /* Build configuration list for PBXProject "Minsta" */;
			compatibilityVersion = "Xcode 3.2";
			developmentRegion = English;
			hasScannedForEncodings = 0;
			knownRegions = (
				en,
				Base,
				"zh-Hans",
			);
			mainGroup = 6728759B1CE5F5C300085068;
			productRefGroup = 672875A51CE5F5C300085068 /* Products */;
			projectDirPath = "";
			projectRoot = "";
			targets = (
				672875A31CE5F5C300085068 /* Minsta */,
			);
		};
/* End PBXProject section */

/* Begin PBXResourcesBuildPhase section */
		672875A21CE5F5C300085068 /* Resources */ = {
			isa = PBXResourcesBuildPhase;
			buildActionMask = 2147483647;
			files = (
				673124C41CE7461E006C25F1 /* LaunchScreen.storyboard in Resources */,
				67EF2C9D1CEB29B00026FE24 /* Localizable.strings in Resources */,
				67EF2C9C1CEB29B00026FE24 /* Localizable.strings in Resources */,
				673124C21CE7461E006C25F1 /* Assets.xcassets in Resources */,
			);
			runOnlyForDeploymentPostprocessing = 0;
		};
/* End PBXResourcesBuildPhase section */

/* Begin PBXShellScriptBuildPhase section */
		00D450DF988BC785239F418A /* 📦 Embed Pods Frameworks */ = {
			isa = PBXShellScriptBuildPhase;
			buildActionMask = 2147483647;
			files = (
			);
			inputPaths = (
			);
			name = "📦 Embed Pods Frameworks";
			outputPaths = (
			);
			runOnlyForDeploymentPostprocessing = 0;
			shellPath = /bin/sh;
			shellScript = "\"${SRCROOT}/Pods/Target Support Files/Pods-Minsta/Pods-Minsta-frameworks.sh\"\n";
			showEnvVarsInLog = 0;
		};
		2A758DD8311224461F725BE8 /* 📦 Copy Pods Resources */ = {
			isa = PBXShellScriptBuildPhase;
			buildActionMask = 2147483647;
			files = (
			);
			inputPaths = (
			);
			name = "📦 Copy Pods Resources";
			outputPaths = (
			);
			runOnlyForDeploymentPostprocessing = 0;
			shellPath = /bin/sh;
			shellScript = "\"${SRCROOT}/Pods/Target Support Files/Pods-Minsta/Pods-Minsta-resources.sh\"\n";
			showEnvVarsInLog = 0;
		};
		FAF6D8E6EE41ABCC7D765AF2 /* 📦 Check Pods Manifest.lock */ = {
			isa = PBXShellScriptBuildPhase;
			buildActionMask = 2147483647;
			files = (
			);
			inputPaths = (
			);
			name = "📦 Check Pods Manifest.lock";
			outputPaths = (
			);
			runOnlyForDeploymentPostprocessing = 0;
			shellPath = /bin/sh;
			shellScript = "diff \"${PODS_ROOT}/../Podfile.lock\" \"${PODS_ROOT}/Manifest.lock\" > /dev/null\nif [[ $? != 0 ]] ; then\n    cat << EOM\nerror: The sandbox is not in sync with the Podfile.lock. Run 'pod install' or update your CocoaPods installation.\nEOM\n    exit 1\nfi\n";
			showEnvVarsInLog = 0;
		};
/* End PBXShellScriptBuildPhase section */

/* Begin PBXSourcesBuildPhase section */
		672875A01CE5F5C300085068 /* Sources */ = {
			isa = PBXSourcesBuildPhase;
			buildActionMask = 2147483647;
			files = (
				673124BE1CE7461E006C25F1 /* MSProfileViewController.m in Sources */,
				673124BA1CE7461E006C25F1 /* AppDelegate.m in Sources */,
				67DC1C031CE767A8006B0676 /* MSPhoto.m in Sources */,
				673124C11CE7461E006C25F1 /* MSUser.m in Sources */,
				673124CB1CE7466B006C25F1 /* MSPhotosOperation.m in Sources */,
				67EF2CA01CEB43C70026FE24 /* UIGestureRecognizer+MinstaAdd.m in Sources */,
				671B9C531CEA10AD006FAE41 /* MSWindow.m in Sources */,
				675FD3A11CEA054A00F282F0 /* NSString+MinstaAdd.m in Sources */,
				673124BF1CE7461E006C25F1 /* MSSearchViewController.m in Sources */,
				673124C01CE7461E006C25F1 /* MSTabBarController.m in Sources */,
				675FD39E1CE9C8C400F282F0 /* MSModel.m in Sources */,
				67DC1C001CE74EFA006B0676 /* MSBaseOperation.m in Sources */,
				673124BD1CE7461E006C25F1 /* MSHomeViewController.m in Sources */,
				67900DC51CE88F3100C71A4C /* MSCommentFeed.m in Sources */,
				67900DC21CE88A4000C71A4C /* MSComment.m in Sources */,
				673124BC1CE7461E006C25F1 /* MSCameraViewController.m in Sources */,
				673124C81CE7461E006C25F1 /* MSPhotoFeedHeaderNode.m in Sources */,
				673124C71CE7461E006C25F1 /* MSPhotoFeedCellNode.m in Sources */,
				67BB42B31CE84EA500D47036 /* MSPhotoFeed.m in Sources */,
				67C299E51CEAF732009106AA /* MSCommentFeedCellNode.m in Sources */,
				673124C51CE7461E006C25F1 /* main.m in Sources */,
				673124BB1CE7461E006C25F1 /* MSActivityViewController.m in Sources */,
			);
			runOnlyForDeploymentPostprocessing = 0;
		};
/* End PBXSourcesBuildPhase section */

/* Begin PBXVariantGroup section */
		67EF2C971CEB29B00026FE24 /* Localizable.strings */ = {
			isa = PBXVariantGroup;
			children = (
				67EF2C981CEB29B00026FE24 /* en */,
			);
			name = Localizable.strings;
			sourceTree = "<group>";
		};
		67EF2C9A1CEB29B00026FE24 /* Localizable.strings */ = {
			isa = PBXVariantGroup;
			children = (
				67EF2C9B1CEB29B00026FE24 /* zh-Hans */,
			);
			name = Localizable.strings;
			sourceTree = "<group>";
		};
/* End PBXVariantGroup section */

/* Begin XCBuildConfiguration section */
		672875B91CE5F5C300085068 /* Debug */ = {
			isa = XCBuildConfiguration;
			buildSettings = {
				ALWAYS_SEARCH_USER_PATHS = NO;
				CLANG_ANALYZER_NONNULL = YES;
				CLANG_CXX_LANGUAGE_STANDARD = "gnu++0x";
				CLANG_CXX_LIBRARY = "libc++";
				CLANG_ENABLE_MODULES = YES;
				CLANG_ENABLE_OBJC_ARC = YES;
				CLANG_WARN_BOOL_CONVERSION = YES;
				CLANG_WARN_CONSTANT_CONVERSION = YES;
				CLANG_WARN_DIRECT_OBJC_ISA_USAGE = YES_ERROR;
				CLANG_WARN_EMPTY_BODY = YES;
				CLANG_WARN_ENUM_CONVERSION = YES;
				CLANG_WARN_INT_CONVERSION = YES;
				CLANG_WARN_OBJC_ROOT_CLASS = YES_ERROR;
				CLANG_WARN_UNREACHABLE_CODE = YES;
				CLANG_WARN__DUPLICATE_METHOD_MATCH = YES;
				"CODE_SIGN_IDENTITY[sdk=iphoneos*]" = "iPhone Developer";
				COPY_PHASE_STRIP = NO;
				DEBUG_INFORMATION_FORMAT = dwarf;
				ENABLE_STRICT_OBJC_MSGSEND = YES;
				ENABLE_TESTABILITY = YES;
				GCC_C_LANGUAGE_STANDARD = gnu99;
				GCC_DYNAMIC_NO_PIC = NO;
				GCC_NO_COMMON_BLOCKS = YES;
				GCC_OPTIMIZATION_LEVEL = 0;
				GCC_PREPROCESSOR_DEFINITIONS = (
					"DEBUG=1",
					"$(inherited)",
				);
				GCC_WARN_64_TO_32_BIT_CONVERSION = YES;
				GCC_WARN_ABOUT_RETURN_TYPE = YES_ERROR;
				GCC_WARN_UNDECLARED_SELECTOR = YES;
				GCC_WARN_UNINITIALIZED_AUTOS = YES_AGGRESSIVE;
				GCC_WARN_UNUSED_FUNCTION = YES;
				GCC_WARN_UNUSED_VARIABLE = YES;
				IPHONEOS_DEPLOYMENT_TARGET = 8.0;
				MTL_ENABLE_DEBUG_INFO = YES;
				ONLY_ACTIVE_ARCH = YES;
				SDKROOT = iphoneos;
				TARGETED_DEVICE_FAMILY = "1,2";
			};
			name = Debug;
		};
		672875BA1CE5F5C300085068 /* Release */ = {
			isa = XCBuildConfiguration;
			buildSettings = {
				ALWAYS_SEARCH_USER_PATHS = NO;
				CLANG_ANALYZER_NONNULL = YES;
				CLANG_CXX_LANGUAGE_STANDARD = "gnu++0x";
				CLANG_CXX_LIBRARY = "libc++";
				CLANG_ENABLE_MODULES = YES;
				CLANG_ENABLE_OBJC_ARC = YES;
				CLANG_WARN_BOOL_CONVERSION = YES;
				CLANG_WARN_CONSTANT_CONVERSION = YES;
				CLANG_WARN_DIRECT_OBJC_ISA_USAGE = YES_ERROR;
				CLANG_WARN_EMPTY_BODY = YES;
				CLANG_WARN_ENUM_CONVERSION = YES;
				CLANG_WARN_INT_CONVERSION = YES;
				CLANG_WARN_OBJC_ROOT_CLASS = YES_ERROR;
				CLANG_WARN_UNREACHABLE_CODE = YES;
				CLANG_WARN__DUPLICATE_METHOD_MATCH = YES;
				"CODE_SIGN_IDENTITY[sdk=iphoneos*]" = "iPhone Developer";
				COPY_PHASE_STRIP = NO;
				DEBUG_INFORMATION_FORMAT = "dwarf-with-dsym";
				ENABLE_NS_ASSERTIONS = NO;
				ENABLE_STRICT_OBJC_MSGSEND = YES;
				GCC_C_LANGUAGE_STANDARD = gnu99;
				GCC_NO_COMMON_BLOCKS = YES;
				GCC_WARN_64_TO_32_BIT_CONVERSION = YES;
				GCC_WARN_ABOUT_RETURN_TYPE = YES_ERROR;
				GCC_WARN_UNDECLARED_SELECTOR = YES;
				GCC_WARN_UNINITIALIZED_AUTOS = YES_AGGRESSIVE;
				GCC_WARN_UNUSED_FUNCTION = YES;
				GCC_WARN_UNUSED_VARIABLE = YES;
				IPHONEOS_DEPLOYMENT_TARGET = 8.0;
				MTL_ENABLE_DEBUG_INFO = NO;
				SDKROOT = iphoneos;
				TARGETED_DEVICE_FAMILY = "1,2";
				VALIDATE_PRODUCT = YES;
			};
			name = Release;
		};
		672875BC1CE5F5C300085068 /* Debug */ = {
			isa = XCBuildConfiguration;
			baseConfigurationReference = 253163E9B25F9A4C9152FEEB /* Pods-Minsta.debug.xcconfig */;
			buildSettings = {
				ASSETCATALOG_COMPILER_APPICON_NAME = AppIcon;
				GCC_PRECOMPILE_PREFIX_HEADER = NO;
				GCC_PREFIX_HEADER = "";
				INFOPLIST_FILE = "$(SRCROOT)/Minsta/Supporting Files/Info.plist";
				IPHONEOS_DEPLOYMENT_TARGET = 8.0;
				LD_RUNPATH_SEARCH_PATHS = "$(inherited) @executable_path/Frameworks";
				PRODUCT_BUNDLE_IDENTIFIER = maocl023.YYKitDemo;
				PRODUCT_NAME = "$(TARGET_NAME)";
			};
			name = Debug;
		};
		672875BD1CE5F5C300085068 /* Release */ = {
			isa = XCBuildConfiguration;
			baseConfigurationReference = 4417997E28E78C283D43683A /* Pods-Minsta.release.xcconfig */;
			buildSettings = {
				ASSETCATALOG_COMPILER_APPICON_NAME = AppIcon;
				GCC_PRECOMPILE_PREFIX_HEADER = NO;
				GCC_PREFIX_HEADER = "";
				INFOPLIST_FILE = "$(SRCROOT)/Minsta/Supporting Files/Info.plist";
				IPHONEOS_DEPLOYMENT_TARGET = 8.0;
				LD_RUNPATH_SEARCH_PATHS = "$(inherited) @executable_path/Frameworks";
				PRODUCT_BUNDLE_IDENTIFIER = maocl023.YYKitDemo;
				PRODUCT_NAME = "$(TARGET_NAME)";
			};
			name = Release;
		};
/* End XCBuildConfiguration section */

/* Begin XCConfigurationList section */
		6728759F1CE5F5C300085068 /* Build configuration list for PBXProject "Minsta" */ = {
			isa = XCConfigurationList;
			buildConfigurations = (
				672875B91CE5F5C300085068 /* Debug */,
				672875BA1CE5F5C300085068 /* Release */,
			);
			defaultConfigurationIsVisible = 0;
			defaultConfigurationName = Release;
		};
		672875BB1CE5F5C300085068 /* Build configuration list for PBXNativeTarget "Minsta" */ = {
			isa = XCConfigurationList;
			buildConfigurations = (
				672875BC1CE5F5C300085068 /* Debug */,
				672875BD1CE5F5C300085068 /* Release */,
			);
			defaultConfigurationIsVisible = 0;
			defaultConfigurationName = Release;
		};
/* End XCConfigurationList section */
	};
	rootObject = 6728759C1CE5F5C300085068 /* Project object */;
}
